// !$*UTF8*$!
{
	archiveVersion = 1;
	classes = {
	};
	objectVersion = 77;
	objects = {

/* Begin PBXBuildFile section */
		082896A3345E0F4F352EB5DB /* CategoriesView.swift in Sources */ = {isa = PBXBuildFile; fileRef = 7C50641DECDBFC17A67CAB62 /* CategoriesView.swift */; };
		0E5CE11EF5030099AF173DEA /* DemoData.swift in Sources */ = {isa = PBXBuildFile; fileRef = 7B0B21623EC16DB03030B067 /* DemoData.swift */; };
		0F9410BD8E6AB3D1CD918125 /* SyncModels.swift in Sources */ = {isa = PBXBuildFile; fileRef = AD0D30AF94A84E16A2183C4D /* SyncModels.swift */; };
		222D2961698392D8875C62A7 /* BooksView.swift in Sources */ = {isa = PBXBuildFile; fileRef = 67F6DC2D9D6593F82F8C36FB /* BooksView.swift */; };
		232194CD5EE931DB93B947C6 /* SwiftDataSnapshotStore.swift in Sources */ = {isa = PBXBuildFile; fileRef = DA9E063652BEB6567595DB6E /* SwiftDataSnapshotStore.swift */; };
		23BD8ED7CCF6CE62242EC223 /* MetricCard.swift in Sources */ = {isa = PBXBuildFile; fileRef = 1CFBE18B8AA7AE021828FC2A /* MetricCard.swift */; };
		39EBBE10605A3629A38BC716 /* OCRImportService.swift in Sources */ = {isa = PBXBuildFile; fileRef = 76D029D6EB3FF9093B9ABC00 /* OCRImportService.swift */; };
		4881081FFDFDBD8A240D5149 /* ImportReceiptView.swift in Sources */ = {isa = PBXBuildFile; fileRef = F72A80962E8E77687A7132BC /* ImportReceiptView.swift */; };
		4A308A685ED4C5093CAA9B6C /* LedgerStore.swift in Sources */ = {isa = PBXBuildFile; fileRef = 987FAF07B781ABDE78AC7BD2 /* LedgerStore.swift */; };
		4D4E460C5920DEEDCCEE731E /* SectionCard.swift in Sources */ = {isa = PBXBuildFile; fileRef = 15F61F00F8BCEE8AD743541E /* SectionCard.swift */; };
		68063F3AAF17064118408DB1 /* JSONCodec.swift in Sources */ = {isa = PBXBuildFile; fileRef = 0E4C94640185ABC26BF8BF3F /* JSONCodec.swift */; };
		6846FE77E8BB83F34C015497 /* ReceiptParser.swift in Sources */ = {isa = PBXBuildFile; fileRef = BAA14D6150A0A3EF23C5B4B8 /* ReceiptParser.swift */; };
		6FC41B730C94A40862F90D8E /* SmartLedgerApp.swift in Sources */ = {isa = PBXBuildFile; fileRef = 67023A7DB755D56C70E061D3 /* SmartLedgerApp.swift */; };
		701EFA1DD6F9483ED4A33D28 /* LocalAnalytics.swift in Sources */ = {isa = PBXBuildFile; fileRef = 635F8704F8873002AE477F58 /* LocalAnalytics.swift */; };
		95C7A8B50D5722316862A6C2 /* TransactionsView.swift in Sources */ = {isa = PBXBuildFile; fileRef = B7FD45C62E630819DFE7BAC7 /* TransactionsView.swift */; };
		A0ED490A4AA2080FB65FDC7A /* DashboardView.swift in Sources */ = {isa = PBXBuildFile; fileRef = 16AFC1F0A16E7017481A6E1D /* DashboardView.swift */; };
		A17DBFB4AB8C63EF07DFABE1 /* Assets.xcassets in Resources */ = {isa = PBXBuildFile; fileRef = FFEA8DB797DBCFD709C0915D /* Assets.xcassets */; };
		A2AA05AF569EC872AA5CE088 /* SmartLedgerCoreTests.swift in Sources */ = {isa = PBXBuildFile; fileRef = 103871E6D40CA83030C6F8B5 /* SmartLedgerCoreTests.swift */; };
		B19C9372487F5E9FB95FE37C /* CreateTransactionView.swift in Sources */ = {isa = PBXBuildFile; fileRef = 58B3F39BB256B4D8274308DB /* CreateTransactionView.swift */; };
		C4B35C84C1E81349550C6213 /* BudgetsView.swift in Sources */ = {isa = PBXBuildFile; fileRef = D4C90855E31BD9C977C2F3F6 /* BudgetsView.swift */; };
		CC35C62130C6C726B57542F0 /* AppSettings.swift in Sources */ = {isa = PBXBuildFile; fileRef = E0FF034C06BEA03ED2A8EA93 /* AppSettings.swift */; };
		D837C775F409AFB17CEAFDE1 /* CloudSyncService.swift in Sources */ = {isa = PBXBuildFile; fileRef = 297B3DDDB482E6C28B8721F1 /* CloudSyncService.swift */; };
		EC1D3DB41A9BCEC47FD0A581 /* SettingsView.swift in Sources */ = {isa = PBXBuildFile; fileRef = 86762BBCCB903E76AD4D3884 /* SettingsView.swift */; };
		F5B4E91B22149772AEDAE0F7 /* LocalSnapshotStore.swift in Sources */ = {isa = PBXBuildFile; fileRef = 9EFF9A1C0FA9E4A8CA323CA1 /* LocalSnapshotStore.swift */; };
		FFFD772F158CDF50946F8F8F /* LedgerModels.swift in Sources */ = {isa = PBXBuildFile; fileRef = CDE9D8AF19C44FB70616A2D5 /* LedgerModels.swift */; };
/* End PBXBuildFile section */

/* Begin PBXContainerItemProxy section */
		5CCD1E67D09471583160C173 /* PBXContainerItemProxy */ = {
			isa = PBXContainerItemProxy;
			containerPortal = 6359F7FD0BFEB42D5251C9B0 /* Project object */;
			proxyType = 1;
			remoteGlobalIDString = 44E0F9DC1BED720E3175B052;
			remoteInfo = SmartLedger;
		};
/* End PBXContainerItemProxy section */

/* Begin PBXFileReference section */
		0B30E23320E7A5F6D6152B35 /* SmartLedger.entitlements */ = {isa = PBXFileReference; lastKnownFileType = text.plist.entitlements; path = SmartLedger.entitlements; sourceTree = "<group>"; };
		0E4C94640185ABC26BF8BF3F /* JSONCodec.swift */ = {isa = PBXFileReference; lastKnownFileType = sourcecode.swift; path = JSONCodec.swift; sourceTree = "<group>"; };
		103871E6D40CA83030C6F8B5 /* SmartLedgerCoreTests.swift */ = {isa = PBXFileReference; lastKnownFileType = sourcecode.swift; path = SmartLedgerCoreTests.swift; sourceTree = "<group>"; };
		15F61F00F8BCEE8AD743541E /* SectionCard.swift */ = {isa = PBXFileReference; lastKnownFileType = sourcecode.swift; path = SectionCard.swift; sourceTree = "<group>"; };
		16AFC1F0A16E7017481A6E1D /* DashboardView.swift */ = {isa = PBXFileReference; lastKnownFileType = sourcecode.swift; path = DashboardView.swift; sourceTree = "<group>"; };
		1CFBE18B8AA7AE021828FC2A /* MetricCard.swift */ = {isa = PBXFileReference; lastKnownFileType = sourcecode.swift; path = MetricCard.swift; sourceTree = "<group>"; };
		297B3DDDB482E6C28B8721F1 /* CloudSyncService.swift */ = {isa = PBXFileReference; lastKnownFileType = sourcecode.swift; path = CloudSyncService.swift; sourceTree = "<group>"; };
		58B3F39BB256B4D8274308DB /* CreateTransactionView.swift */ = {isa = PBXFileReference; lastKnownFileType = sourcecode.swift; path = CreateTransactionView.swift; sourceTree = "<group>"; };
		635F8704F8873002AE477F58 /* LocalAnalytics.swift */ = {isa = PBXFileReference; lastKnownFileType = sourcecode.swift; path = LocalAnalytics.swift; sourceTree = "<group>"; };
		67023A7DB755D56C70E061D3 /* SmartLedgerApp.swift */ = {isa = PBXFileReference; lastKnownFileType = sourcecode.swift; path = SmartLedgerApp.swift; sourceTree = "<group>"; };
		67F6DC2D9D6593F82F8C36FB /* BooksView.swift */ = {isa = PBXFileReference; lastKnownFileType = sourcecode.swift; path = BooksView.swift; sourceTree = "<group>"; };
		6CCA0849747F7644357595B7 /* SmartLedger.app */ = {isa = PBXFileReference; includeInIndex = 0; lastKnownFileType = wrapper.application; path = SmartLedger.app; sourceTree = BUILT_PRODUCTS_DIR; };
		76D029D6EB3FF9093B9ABC00 /* OCRImportService.swift */ = {isa = PBXFileReference; lastKnownFileType = sourcecode.swift; path = OCRImportService.swift; sourceTree = "<group>"; };
		7B0B21623EC16DB03030B067 /* DemoData.swift */ = {isa = PBXFileReference; lastKnownFileType = sourcecode.swift; path = DemoData.swift; sourceTree = "<group>"; };
		7C50641DECDBFC17A67CAB62 /* CategoriesView.swift */ = {isa = PBXFileReference; lastKnownFileType = sourcecode.swift; path = CategoriesView.swift; sourceTree = "<group>"; };
		86762BBCCB903E76AD4D3884 /* SettingsView.swift */ = {isa = PBXFileReference; lastKnownFileType = sourcecode.swift; path = SettingsView.swift; sourceTree = "<group>"; };
		987FAF07B781ABDE78AC7BD2 /* LedgerStore.swift */ = {isa = PBXFileReference; lastKnownFileType = sourcecode.swift; path = LedgerStore.swift; sourceTree = "<group>"; };
		9EFF9A1C0FA9E4A8CA323CA1 /* LocalSnapshotStore.swift */ = {isa = PBXFileReference; lastKnownFileType = sourcecode.swift; path = LocalSnapshotStore.swift; sourceTree = "<group>"; };
		AB2C6A2998B577FA2CD7C5BF /* SmartLedgerTests.xctest */ = {isa = PBXFileReference; includeInIndex = 0; lastKnownFileType = wrapper.cfbundle; path = SmartLedgerTests.xctest; sourceTree = BUILT_PRODUCTS_DIR; };
		AD0D30AF94A84E16A2183C4D /* SyncModels.swift */ = {isa = PBXFileReference; lastKnownFileType = sourcecode.swift; path = SyncModels.swift; sourceTree = "<group>"; };
		B7FD45C62E630819DFE7BAC7 /* TransactionsView.swift */ = {isa = PBXFileReference; lastKnownFileType = sourcecode.swift; path = TransactionsView.swift; sourceTree = "<group>"; };
		BAA14D6150A0A3EF23C5B4B8 /* ReceiptParser.swift */ = {isa = PBXFileReference; lastKnownFileType = sourcecode.swift; path = ReceiptParser.swift; sourceTree = "<group>"; };
		CDE9D8AF19C44FB70616A2D5 /* LedgerModels.swift */ = {isa = PBXFileReference; lastKnownFileType = sourcecode.swift; path = LedgerModels.swift; sourceTree = "<group>"; };
		D4C90855E31BD9C977C2F3F6 /* BudgetsView.swift */ = {isa = PBXFileReference; lastKnownFileType = sourcecode.swift; path = BudgetsView.swift; sourceTree = "<group>"; };
		DA9E063652BEB6567595DB6E /* SwiftDataSnapshotStore.swift */ = {isa = PBXFileReference; lastKnownFileType = sourcecode.swift; path = SwiftDataSnapshotStore.swift; sourceTree = "<group>"; };
		E0FF034C06BEA03ED2A8EA93 /* AppSettings.swift */ = {isa = PBXFileReference; lastKnownFileType = sourcecode.swift; path = AppSettings.swift; sourceTree = "<group>"; };
		F72A80962E8E77687A7132BC /* ImportReceiptView.swift */ = {isa = PBXFileReference; lastKnownFileType = sourcecode.swift; path = ImportReceiptView.swift; sourceTree = "<group>"; };
		FFEA8DB797DBCFD709C0915D /* Assets.xcassets */ = {isa = PBXFileReference; lastKnownFileType = folder.assetcatalog; path = Assets.xcassets; sourceTree = "<group>"; };
/* End PBXFileReference section */

/* Begin PBXGroup section */
		08077EA7F8CB43B70DE960A5 /* Core */ = {
			isa = PBXGroup;
			children = (
				E0FF034C06BEA03ED2A8EA93 /* AppSettings.swift */,
				7B0B21623EC16DB03030B067 /* DemoData.swift */,
				0E4C94640185ABC26BF8BF3F /* JSONCodec.swift */,
				987FAF07B781ABDE78AC7BD2 /* LedgerStore.swift */,
				635F8704F8873002AE477F58 /* LocalAnalytics.swift */,
				9EFF9A1C0FA9E4A8CA323CA1 /* LocalSnapshotStore.swift */,
				DA9E063652BEB6567595DB6E /* SwiftDataSnapshotStore.swift */,
			);
			path = Core;
			sourceTree = "<group>";
		};
		149B6CB90BDCCBC660C6BC4D /* Products */ = {
			isa = PBXGroup;
			children = (
				6CCA0849747F7644357595B7 /* SmartLedger.app */,
				AB2C6A2998B577FA2CD7C5BF /* SmartLedgerTests.xctest */,
			);
			name = Products;
			sourceTree = "<group>";
		};
		21A18BD5A60302A16155D85C = {
			isa = PBXGroup;
			children = (
				5E46F44618BC8F3A88379F82 /* SmartLedger */,
				86C000DCC327B61FA640D0A4 /* SmartLedgerTests */,
				149B6CB90BDCCBC660C6BC4D /* Products */,
			);
			sourceTree = "<group>";
		};
		3B246FA67004B6CED271FD52 /* Components */ = {
			isa = PBXGroup;
			children = (
				1CFBE18B8AA7AE021828FC2A /* MetricCard.swift */,
				15F61F00F8BCEE8AD743541E /* SectionCard.swift */,
			);
			path = Components;
			sourceTree = "<group>";
		};
		5E46F44618BC8F3A88379F82 /* SmartLedger */ = {
			isa = PBXGroup;
			children = (
				FFEA8DB797DBCFD709C0915D /* Assets.xcassets */,
				0B30E23320E7A5F6D6152B35 /* SmartLedger.entitlements */,
				67023A7DB755D56C70E061D3 /* SmartLedgerApp.swift */,
				3B246FA67004B6CED271FD52 /* Components */,
				08077EA7F8CB43B70DE960A5 /* Core */,
				7F8BBB942887C8069F6EFAF0 /* Models */,
				9019B57ABA52D9E5D5943F84 /* Services */,
				7889C41886DA1C6674E51E2E /* Views */,
			);
			path = SmartLedger;
			sourceTree = "<group>";
		};
		7889C41886DA1C6674E51E2E /* Views */ = {
			isa = PBXGroup;
			children = (
				67F6DC2D9D6593F82F8C36FB /* BooksView.swift */,
				D4C90855E31BD9C977C2F3F6 /* BudgetsView.swift */,
				7C50641DECDBFC17A67CAB62 /* CategoriesView.swift */,
				58B3F39BB256B4D8274308DB /* CreateTransactionView.swift */,
				16AFC1F0A16E7017481A6E1D /* DashboardView.swift */,
				F72A80962E8E77687A7132BC /* ImportReceiptView.swift */,
				86762BBCCB903E76AD4D3884 /* SettingsView.swift */,
				B7FD45C62E630819DFE7BAC7 /* TransactionsView.swift */,
			);
			path = Views;
			sourceTree = "<group>";
		};
		7F8BBB942887C8069F6EFAF0 /* Models */ = {
			isa = PBXGroup;
			children = (
				CDE9D8AF19C44FB70616A2D5 /* LedgerModels.swift */,
				AD0D30AF94A84E16A2183C4D /* SyncModels.swift */,
			);
			path = Models;
			sourceTree = "<group>";
		};
		86C000DCC327B61FA640D0A4 /* SmartLedgerTests */ = {
			isa = PBXGroup;
			children = (
				103871E6D40CA83030C6F8B5 /* SmartLedgerCoreTests.swift */,
			);
			path = SmartLedgerTests;
			sourceTree = "<group>";
		};
		9019B57ABA52D9E5D5943F84 /* Services */ = {
			isa = PBXGroup;
			children = (
				297B3DDDB482E6C28B8721F1 /* CloudSyncService.swift */,
				76D029D6EB3FF9093B9ABC00 /* OCRImportService.swift */,
				BAA14D6150A0A3EF23C5B4B8 /* ReceiptParser.swift */,
			);
			path = Services;
			sourceTree = "<group>";
		};
/* End PBXGroup section */

/* Begin PBXNativeTarget section */
		44E0F9DC1BED720E3175B052 /* SmartLedger */ = {
			isa = PBXNativeTarget;
			buildConfigurationList = 0B7126A3F4AF5A3CC35600C4 /* Build configuration list for PBXNativeTarget "SmartLedger" */;
			buildPhases = (
				E01B4A514300BEC998CCD869 /* Sources */,
				8A7F3064322361EAC5FC4A53 /* Resources */,
			);
			buildRules = (
			);
			dependencies = (
			);
			name = SmartLedger;
			packageProductDependencies = (
			);
			productName = SmartLedger;
			productReference = 6CCA0849747F7644357595B7 /* SmartLedger.app */;
			productType = "com.apple.product-type.application";
		};
		E9B430F7859013BD6BA8E4A5 /* SmartLedgerTests */ = {
			isa = PBXNativeTarget;
			buildConfigurationList = BD0480A1A4EA42AAC69715F5 /* Build configuration list for PBXNativeTarget "SmartLedgerTests" */;
			buildPhases = (
				617E0DCF0A0CDE8E8AF4C91B /* Sources */,
			);
			buildRules = (
			);
			dependencies = (
				1A9722E0A5D5509B60C4D3E1 /* PBXTargetDependency */,
			);
			name = SmartLedgerTests;
			packageProductDependencies = (
			);
			productName = SmartLedgerTests;
			productReference = AB2C6A2998B577FA2CD7C5BF /* SmartLedgerTests.xctest */;
			productType = "com.apple.product-type.bundle.unit-test";
		};
/* End PBXNativeTarget section */

/* Begin PBXProject section */
		6359F7FD0BFEB42D5251C9B0 /* Project object */ = {
			isa = PBXProject;
			attributes = {
				BuildIndependentTargetsInParallel = YES;
				LastUpgradeCheck = 1430;
				TargetAttributes = {
					44E0F9DC1BED720E3175B052 = {
						DevelopmentTeam = "";
						ProvisioningStyle = Automatic;
					};
					E9B430F7859013BD6BA8E4A5 = {
						DevelopmentTeam = "";
						ProvisioningStyle = Automatic;
					};
				};
			};
			buildConfigurationList = 15E9D8DCFC95E3EAAD6DACA5 /* Build configuration list for PBXProject "SmartLedger" */;
			developmentRegion = en;
			hasScannedForEncodings = 0;
			knownRegions = (
				Base,
				en,
			);
			mainGroup = 21A18BD5A60302A16155D85C;
			minimizedProjectReferenceProxies = 1;
			preferredProjectObjectVersion = 77;
			productRefGroup = 149B6CB90BDCCBC660C6BC4D /* Products */;
			projectDirPath = "";
			projectRoot = "";
			targets = (
				44E0F9DC1BED720E3175B052 /* SmartLedger */,
				E9B430F7859013BD6BA8E4A5 /* SmartLedgerTests */,
			);
		};
/* End PBXProject section */

/* Begin PBXResourcesBuildPhase section */
		8A7F3064322361EAC5FC4A53 /* Resources */ = {
			isa = PBXResourcesBuildPhase;
			buildActionMask = 2147483647;
			files = (
				A17DBFB4AB8C63EF07DFABE1 /* Assets.xcassets in Resources */,
			);
			runOnlyForDeploymentPostprocessing = 0;
		};
/* End PBXResourcesBuildPhase section */

/* Begin PBXSourcesBuildPhase section */
		617E0DCF0A0CDE8E8AF4C91B /* Sources */ = {
			isa = PBXSourcesBuildPhase;
			buildActionMask = 2147483647;
			files = (
				A2AA05AF569EC872AA5CE088 /* SmartLedgerCoreTests.swift in Sources */,
			);
			runOnlyForDeploymentPostprocessing = 0;
		};
		E01B4A514300BEC998CCD869 /* Sources */ = {
			isa = PBXSourcesBuildPhase;
			buildActionMask = 2147483647;
			files = (
				CC35C62130C6C726B57542F0 /* AppSettings.swift in Sources */,
				222D2961698392D8875C62A7 /* BooksView.swift in Sources */,
				C4B35C84C1E81349550C6213 /* BudgetsView.swift in Sources */,
				082896A3345E0F4F352EB5DB /* CategoriesView.swift in Sources */,
				D837C775F409AFB17CEAFDE1 /* CloudSyncService.swift in Sources */,
				B19C9372487F5E9FB95FE37C /* CreateTransactionView.swift in Sources */,
				A0ED490A4AA2080FB65FDC7A /* DashboardView.swift in Sources */,
				0E5CE11EF5030099AF173DEA /* DemoData.swift in Sources */,
				4881081FFDFDBD8A240D5149 /* ImportReceiptView.swift in Sources */,
				68063F3AAF17064118408DB1 /* JSONCodec.swift in Sources */,
				FFFD772F158CDF50946F8F8F /* LedgerModels.swift in Sources */,
				4A308A685ED4C5093CAA9B6C /* LedgerStore.swift in Sources */,
				701EFA1DD6F9483ED4A33D28 /* LocalAnalytics.swift in Sources */,
				F5B4E91B22149772AEDAE0F7 /* LocalSnapshotStore.swift in Sources */,
				23BD8ED7CCF6CE62242EC223 /* MetricCard.swift in Sources */,
				39EBBE10605A3629A38BC716 /* OCRImportService.swift in Sources */,
				6846FE77E8BB83F34C015497 /* ReceiptParser.swift in Sources */,
				4D4E460C5920DEEDCCEE731E /* SectionCard.swift in Sources */,
				EC1D3DB41A9BCEC47FD0A581 /* SettingsView.swift in Sources */,
				6FC41B730C94A40862F90D8E /* SmartLedgerApp.swift in Sources */,
				232194CD5EE931DB93B947C6 /* SwiftDataSnapshotStore.swift in Sources */,
				0F9410BD8E6AB3D1CD918125 /* SyncModels.swift in Sources */,
				95C7A8B50D5722316862A6C2 /* TransactionsView.swift in Sources */,
			);
			runOnlyForDeploymentPostprocessing = 0;
		};
/* End PBXSourcesBuildPhase section */

/* Begin PBXTargetDependency section */
		1A9722E0A5D5509B60C4D3E1 /* PBXTargetDependency */ = {
			isa = PBXTargetDependency;
			target = 44E0F9DC1BED720E3175B052 /* SmartLedger */;
			targetProxy = 5CCD1E67D09471583160C173 /* PBXContainerItemProxy */;
		};
/* End PBXTargetDependency section */

/* Begin XCBuildConfiguration section */
		3C73D26F48A51A7D6ADCD67F /* Debug */ = {
			isa = XCBuildConfiguration;
			buildSettings = {
				ASSETCATALOG_COMPILER_APPICON_NAME = AppIcon;
				ASSETCATALOG_COMPILER_GLOBAL_ACCENT_COLOR_NAME = AccentColor;
				CODE_SIGN_ENTITLEMENTS = SmartLedger/SmartLedger.entitlements;
				ENABLE_PREVIEWS = YES;
				GENERATE_INFOPLIST_FILE = YES;
				INFOPLIST_KEY_CFBundleDisplayName = SmartLedger;
				INFOPLIST_KEY_LSApplicationCategoryType = "public.app-category.finance";
				INFOPLIST_KEY_NSPhotoLibraryUsageDescription = "需要读取账单截图用于 OCR 识别记账内容。";
				INFOPLIST_KEY_UIApplicationSceneManifest_Generation = YES;
				INFOPLIST_KEY_UIApplicationSupportsIndirectInputEvents = YES;
				INFOPLIST_KEY_UILaunchScreen_Generation = YES;
				IPHONEOS_DEPLOYMENT_TARGET = 17.0;
				PRODUCT_BUNDLE_IDENTIFIER = com.tok.smartledgerlocal;
				PRODUCT_NAME = SmartLedger;
				SUPPORTS_MACCATALYST = NO;
				TARGETED_DEVICE_FAMILY = "1,2";
			};
			name = Debug;
		};
		581739399F19B8832FAD3F0D /* Release */ = {
			isa = XCBuildConfiguration;
			buildSettings = {
				CODE_SIGN_STYLE = Automatic;
				CURRENT_PROJECT_VERSION = 1;
				DEVELOPMENT_TEAM = "";
				IPHONEOS_DEPLOYMENT_TARGET = 17.0;
				MARKETING_VERSION = 1.0.0;
				SDKROOT = iphoneos;
				SWIFT_VERSION = 6.0;
			};
			name = Release;
		};
		64F522DB5EFA71B428173E6D /* Debug */ = {
			isa = XCBuildConfiguration;
			buildSettings = {
				CODE_SIGN_STYLE = Automatic;
				CURRENT_PROJECT_VERSION = 1;
				DEVELOPMENT_TEAM = "";
				IPHONEOS_DEPLOYMENT_TARGET = 17.0;
				MARKETING_VERSION = 1.0.0;
				SDKROOT = iphoneos;
				SWIFT_VERSION = 6.0;
			};
			name = Debug;
		};
		7372BCBDE3BF4E8ED2F3CCBC /* Release */ = {
			isa = XCBuildConfiguration;
			buildSettings = {
				GENERATE_INFOPLIST_FILE = YES;
				PRODUCT_BUNDLE_IDENTIFIER = com.tok.smartledgerlocal.tests;
				SWIFT_ACTIVE_COMPILATION_CONDITIONS = TESTING;
				TEST_HOST = "$(BUILT_PRODUCTS_DIR)/SmartLedger.app/SmartLedger";
			};
			name = Release;
		};
		C4BF1106CA517721A328F0B6 /* Debug */ = {
			isa = XCBuildConfiguration;
			buildSettings = {
				GENERATE_INFOPLIST_FILE = YES;
				PRODUCT_BUNDLE_IDENTIFIER = com.tok.smartledgerlocal.tests;
				SWIFT_ACTIVE_COMPILATION_CONDITIONS = TESTING;
				TEST_HOST = "$(BUILT_PRODUCTS_DIR)/SmartLedger.app/SmartLedger";
			};
			name = Debug;
		};
		DD63B3B278FECCA93366EE97 /* Release */ = {
			isa = XCBuildConfiguration;
			buildSettings = {
				ASSETCATALOG_COMPILER_APPICON_NAME = AppIcon;
				ASSETCATALOG_COMPILER_GLOBAL_ACCENT_COLOR_NAME = AccentColor;
				CODE_SIGN_ENTITLEMENTS = SmartLedger/SmartLedger.entitlements;
				ENABLE_PREVIEWS = YES;
				GENERATE_INFOPLIST_FILE = YES;
				INFOPLIST_KEY_CFBundleDisplayName = SmartLedger;
				INFOPLIST_KEY_LSApplicationCategoryType = "public.app-category.finance";
				INFOPLIST_KEY_NSPhotoLibraryUsageDescription = "需要读取账单截图用于 OCR 识别记账内容。";
				INFOPLIST_KEY_UIApplicationSceneManifest_Generation = YES;
				INFOPLIST_KEY_UIApplicationSupportsIndirectInputEvents = YES;
				INFOPLIST_KEY_UILaunchScreen_Generation = YES;
				IPHONEOS_DEPLOYMENT_TARGET = 17.0;
				PRODUCT_BUNDLE_IDENTIFIER = com.tok.smartledgerlocal;
				PRODUCT_NAME = SmartLedger;
				SUPPORTS_MACCATALYST = NO;
				TARGETED_DEVICE_FAMILY = "1,2";
			};
			name = Release;
		};
/* End XCBuildConfiguration section */

/* Begin XCConfigurationList section */
		0B7126A3F4AF5A3CC35600C4 /* Build configuration list for PBXNativeTarget "SmartLedger" */ = {
			isa = XCConfigurationList;
			buildConfigurations = (
				3C73D26F48A51A7D6ADCD67F /* Debug */,
				DD63B3B278FECCA93366EE97 /* Release */,
			);
			defaultConfigurationIsVisible = 0;
			defaultConfigurationName = Debug;
		};
		15E9D8DCFC95E3EAAD6DACA5 /* Build configuration list for PBXProject "SmartLedger" */ = {
			isa = XCConfigurationList;
			buildConfigurations = (
				64F522DB5EFA71B428173E6D /* Debug */,
				581739399F19B8832FAD3F0D /* Release */,
			);
			defaultConfigurationIsVisible = 0;
			defaultConfigurationName = Debug;
		};
		BD0480A1A4EA42AAC69715F5 /* Build configuration list for PBXNativeTarget "SmartLedgerTests" */ = {
			isa = XCConfigurationList;
			buildConfigurations = (
				C4BF1106CA517721A328F0B6 /* Debug */,
				7372BCBDE3BF4E8ED2F3CCBC /* Release */,
			);
			defaultConfigurationIsVisible = 0;
			defaultConfigurationName = Debug;
		};
/* End XCConfigurationList section */
	};
	rootObject = 6359F7FD0BFEB42D5251C9B0 /* Project object */;
}
